
Microsoft Visual Studio Solution File, Format Version 12.00
# Visual Studio Version 17
VisualStudioVersion = 17.0.31903.59
MinimumVisualStudioVersion = 10.0.40219.1
Project("{2150E333-8FDC-42A3-9474-1A3956D46DE8}") = "src", "src", "{827E0CD3-B72D-47B6-A68D-7590B98EB39B}"
EndProject
Project("{2150E333-8FDC-42A3-9474-1A3956D46DE8}") = "BuildingBlocks", "BuildingBlocks", "{90298CBA-BD6F-3A0A-69D5-97CAD7B05E7E}"
EndProject
Project("{FAE04EC0-301F-11D3-BF4B-00C04F79EFBC}") = "BuildingBlocks.Application", "src\BuildingBlocks\BuildingBlocks.Application\BuildingBlocks.Application.csproj", "{96C29DB3-0FF1-46ED-B077-B4936AC41808}"
EndProject
Project("{FAE04EC0-301F-11D3-BF4B-00C04F79EFBC}") = "BuildingBlocks.Domain", "src\BuildingBlocks\BuildingBlocks.Domain\BuildingBlocks.Domain.csproj", "{1EA07A0F-EDC6-4D89-809C-D38DC07B7776}"
EndProject
Project("{FAE04EC0-301F-11D3-BF4B-00C04F79EFBC}") = "BuildingBlocks.Contracts", "src\BuildingBlocks\BuildingBlocks.Contracts\BuildingBlocks.Contracts.csproj", "{F0723A93-DF13-4889-A578-BA75D58B4C2E}"
EndProject
Project("{FAE04EC0-301F-11D3-BF4B-00C04F79EFBC}") = "BuildingBlocks.Observability", "src\BuildingBlocks\BuildingBlocks.Observability\BuildingBlocks.Observability.csproj", "{D6A974EC-75FB-4EC3-B029-5C786EB21DA7}"
EndProject
Project("{FAE04EC0-301F-11D3-BF4B-00C04F79EFBC}") = "BuildingBlocks.Infrastucture", "src\BuildingBlocks\BuildingBlocks.Infrastucture\BuildingBlocks.Infrastucture.csproj", "{D58A50FF-7572-4B9C-8BF8-FF5F1213441B}"
EndProject
Project("{2150E333-8FDC-42A3-9474-1A3956D46DE8}") = "Services", "Services", "{984BB9B3-3FA3-BE33-9484-CAC21695A33C}"
EndProject
Project("{2150E333-8FDC-42A3-9474-1A3956D46DE8}") = "HotelService", "HotelService", "{E8A7FD2B-0D9D-22AC-3A50-18293A3563CB}"
EndProject
Project("{FAE04EC0-301F-11D3-BF4B-00C04F79EFBC}") = "HotelService.Api", "src\Services\HotelService\HotelService.Api\HotelService.Api.csproj", "{C5225684-9D95-40D1-98C9-8E4200243C18}"
EndProject
Project("{FAE04EC0-301F-11D3-BF4B-00C04F79EFBC}") = "HotelService.Application", "src\Services\HotelService\HotelService.Application\HotelService.Application.csproj", "{DD6FF552-8497-458E-8F77-6F11A7E9E84B}"
EndProject
Project("{FAE04EC0-301F-11D3-BF4B-00C04F79EFBC}") = "HotelService.Domain", "src\Services\HotelService\HotelService.Domain\HotelService.Domain.csproj", "{869294E7-8A30-4592-A6E7-3FACC5ECFDFD}"
EndProject
Project("{FAE04EC0-301F-11D3-BF4B-00C04F79EFBC}") = "HotelService.Constracts", "src\Services\HotelService\HotelService.Constracts\HotelService.Constracts.csproj", "{A1DF4330-2C3D-4578-AE2A-2179538DB204}"
EndProject
Project("{FAE04EC0-301F-11D3-BF4B-00C04F79EFBC}") = "HotelService.Infrastructure", "src\Services\HotelService\HotelService.Infrastructure\HotelService.Infrastructure.csproj", "{0C2656DA-8449-4F72-8284-5D8FB9811205}"
EndProject
Project("{2150E333-8FDC-42A3-9474-1A3956D46DE8}") = "IdentityService", "IdentityService", "{3D2E8631-8982-4CD8-85A8-437089729894}"
EndProject
Project("{FAE04EC0-301F-11D3-BF4B-00C04F79EFBC}") = "IdentityService.Api", "src\Services\IdentityService\IdentityService.Api\IdentityService.Api.csproj", "{FC92FE5E-26DD-46AF-BE2D-62691CCD0A21}"
EndProject
Project("{FAE04EC0-301F-11D3-BF4B-00C04F79EFBC}") = "IdentityService.Application", "src\Services\IdentityService\IdentityService.Application\IdentityService.Application.csproj", "{D46A350F-6313-43FE-9698-078E19BF5E1D}"
EndProject
Project("{FAE04EC0-301F-11D3-BF4B-00C04F79EFBC}") = "IdentityService.Domain", "src\Services\IdentityService\IdentityService.Domain\IdentityService.Domain.csproj", "{13BA3BF6-F341-4697-BA4B-586873CCA4FF}"
EndProject
Project("{FAE04EC0-301F-11D3-BF4B-00C04F79EFBC}") = "IdentityService.Infrastructure", "src\Services\IdentityService\IdentityService.Infrastructure\IdentityService.Infrastructure.csproj", "{75282F17-D9A2-4E92-BA0D-78A2FA8D14C8}"
EndProject
Project("{FAE04EC0-301F-11D3-BF4B-00C04F79EFBC}") = "IdentityService.Contracts", "src\Services\IdentityService\IdentityService.Contracts\IdentityService.Contracts.csproj", "{5A616805-183A-4A52-8A1A-D15521F0A42C}"
EndProject
Project("{2150E333-8FDC-42A3-9474-1A3956D46DE8}") = "BookingService", "BookingService", "{1E89987C-C454-31B9-514D-6C358C86171E}"
EndProject
Project("{FAE04EC0-301F-11D3-BF4B-00C04F79EFBC}") = "BookingService.Api", "src\Services\BookingService\BookingService.Api\BookingService.Api.csproj", "{29DFAB01-8307-41BB-A1A1-CDF778EAD059}"
EndProject
Project("{FAE04EC0-301F-11D3-BF4B-00C04F79EFBC}") = "BookingService.Application", "src\Services\BookingService\BookingService.Application\BookingService.Application.csproj", "{E58961BF-75AD-4ED6-8EB9-168C474356B8}"
EndProject
Project("{FAE04EC0-301F-11D3-BF4B-00C04F79EFBC}") = "BookingService.Domain", "src\Services\BookingService\BookingService.Domain\BookingService.Domain.csproj", "{25C264B4-7F27-46D7-A55F-3812B2489C29}"
EndProject
Project("{FAE04EC0-301F-11D3-BF4B-00C04F79EFBC}") = "BookingService.Infrastructure", "src\Services\BookingService\BookingService.Infrastructure\BookingService.Infrastructure.csproj", "{58978687-84B6-43E4-8BA6-B76B375C5E1A}"
EndProject
Project("{FAE04EC0-301F-11D3-BF4B-00C04F79EFBC}") = "BookingService.Contracts", "src\Services\BookingService\BookingService.Contracts\BookingService.Contracts.csproj", "{7B44DD3C-D962-4487-8A0D-D402D9207A72}"
EndProject
Project("{2150E333-8FDC-42A3-9474-1A3956D46DE8}") = "PaymentService", "PaymentService", "{40CB294E-2A2C-AA7D-5466-10F40F0DAD4F}"
EndProject
Project("{FAE04EC0-301F-11D3-BF4B-00C04F79EFBC}") = "PaymentService.Api", "src\Services\PaymentService\PaymentService.Api\PaymentService.Api.csproj", "{D3948148-4D53-45A8-A190-F75EBE36ACD4}"
EndProject
Project("{FAE04EC0-301F-11D3-BF4B-00C04F79EFBC}") = "PaymentService.Application", "src\Services\PaymentService\PaymentService.Application\PaymentService.Application.csproj", "{26B1B33B-A9C8-4D30-ADCF-3B075D893E5F}"
EndProject
Project("{FAE04EC0-301F-11D3-BF4B-00C04F79EFBC}") = "PaymentService.Domain", "src\Services\PaymentService\PaymentService.Domain\PaymentService.Domain.csproj", "{B7418E4C-CD3D-4191-994A-8279AA27E130}"
EndProject
Project("{FAE04EC0-301F-11D3-BF4B-00C04F79EFBC}") = "PaymentService.Infrastructure", "src\Services\PaymentService\PaymentService.Infrastructure\PaymentService.Infrastructure.csproj", "{468E42A6-BA92-4B93-841F-A044DD829E1E}"
EndProject
Project("{FAE04EC0-301F-11D3-BF4B-00C04F79EFBC}") = "PaymentService.Contracts", "src\Services\PaymentService\PaymentService.Contracts\PaymentService.Contracts.csproj", "{245C4664-39D2-4915-BB99-5638B1332B71}"
EndProject
Project("{2150E333-8FDC-42A3-9474-1A3956D46DE8}") = "NotificationService", "NotificationService", "{47931FAB-DBE1-FD8F-0AFF-2CD4B99C52C4}"
EndProject
Project("{FAE04EC0-301F-11D3-BF4B-00C04F79EFBC}") = "NotificationService.Api", "src\Services\NotificationService\NotificationService.Api\NotificationService.Api.csproj", "{8860C1D8-BEA3-4A16-AF1B-40EFF29A080D}"
EndProject
Project("{FAE04EC0-301F-11D3-BF4B-00C04F79EFBC}") = "NotificationService.Application", "src\Services\NotificationService\NotificationService.Application\NotificationService.Application.csproj", "{5280E72A-8F36-46E6-A162-0487B2A10F18}"
EndProject
Project("{FAE04EC0-301F-11D3-BF4B-00C04F79EFBC}") = "NotificationService.Domain", "src\Services\NotificationService\NotificationService.Domain\NotificationService.Domain.csproj", "{E3C0480A-762C-49E4-83F0-314C78AE54AE}"
EndProject
Project("{FAE04EC0-301F-11D3-BF4B-00C04F79EFBC}") = "NotificationService.Infrastructure", "src\Services\NotificationService\NotificationService.Infrastructure\NotificationService.Infrastructure.csproj", "{7ECD3AE0-43E3-4A6D-96BA-982D32FB5A62}"
EndProject
Project("{FAE04EC0-301F-11D3-BF4B-00C04F79EFBC}") = "NotificationService.Contracts", "src\Services\NotificationService\NotificationService.Contracts\NotificationService.Contracts.csproj", "{731F5510-D418-4816-A15D-68E2D44940C0}"
EndProject
Project("{2150E333-8FDC-42A3-9474-1A3956D46DE8}") = "ApiGateway", "ApiGateway", "{FCA01246-F2C6-0AA7-D43F-FD13BE0B9D88}"
EndProject
Project("{FAE04EC0-301F-11D3-BF4B-00C04F79EFBC}") = "ApiGateway", "src\ApiGateway\ApiGateway\ApiGateway.csproj", "{8BDD3DD9-020C-4AE4-8220-F35670417A3E}"
EndProject
Global
	GlobalSection(SolutionConfigurationPlatforms) = preSolution
		Debug|Any CPU = Debug|Any CPU
		Debug|x64 = Debug|x64
		Debug|x86 = Debug|x86
		Release|Any CPU = Release|Any CPU
		Release|x64 = Release|x64
		Release|x86 = Release|x86
	EndGlobalSection
	GlobalSection(ProjectConfigurationPlatforms) = postSolution
		{96C29DB3-0FF1-46ED-B077-B4936AC41808}.Debug|Any CPU.ActiveCfg = Debug|Any CPU
		{96C29DB3-0FF1-46ED-B077-B4936AC41808}.Debug|Any CPU.Build.0 = Debug|Any CPU
		{96C29DB3-0FF1-46ED-B077-B4936AC41808}.Debug|x64.ActiveCfg = Debug|Any CPU
		{96C29DB3-0FF1-46ED-B077-B4936AC41808}.Debug|x64.Build.0 = Debug|Any CPU
		{96C29DB3-0FF1-46ED-B077-B4936AC41808}.Debug|x86.ActiveCfg = Debug|Any CPU
		{96C29DB3-0FF1-46ED-B077-B4936AC41808}.Debug|x86.Build.0 = Debug|Any CPU
		{96C29DB3-0FF1-46ED-B077-B4936AC41808}.Release|Any CPU.ActiveCfg = Release|Any CPU
		{96C29DB3-0FF1-46ED-B077-B4936AC41808}.Release|Any CPU.Build.0 = Release|Any CPU
		{96C29DB3-0FF1-46ED-B077-B4936AC41808}.Release|x64.ActiveCfg = Release|Any CPU
		{96C29DB3-0FF1-46ED-B077-B4936AC41808}.Release|x64.Build.0 = Release|Any CPU
		{96C29DB3-0FF1-46ED-B077-B4936AC41808}.Release|x86.ActiveCfg = Release|Any CPU
		{96C29DB3-0FF1-46ED-B077-B4936AC41808}.Release|x86.Build.0 = Release|Any CPU
		{1EA07A0F-EDC6-4D89-809C-D38DC07B7776}.Debug|Any CPU.ActiveCfg = Debug|Any CPU
		{1EA07A0F-EDC6-4D89-809C-D38DC07B7776}.Debug|Any CPU.Build.0 = Debug|Any CPU
		{1EA07A0F-EDC6-4D89-809C-D38DC07B7776}.Debug|x64.ActiveCfg = Debug|Any CPU
		{1EA07A0F-EDC6-4D89-809C-D38DC07B7776}.Debug|x64.Build.0 = Debug|Any CPU
		{1EA07A0F-EDC6-4D89-809C-D38DC07B7776}.Debug|x86.ActiveCfg = Debug|Any CPU
		{1EA07A0F-EDC6-4D89-809C-D38DC07B7776}.Debug|x86.Build.0 = Debug|Any CPU
		{1EA07A0F-EDC6-4D89-809C-D38DC07B7776}.Release|Any CPU.ActiveCfg = Release|Any CPU
		{1EA07A0F-EDC6-4D89-809C-D38DC07B7776}.Release|Any CPU.Build.0 = Release|Any CPU
		{1EA07A0F-EDC6-4D89-809C-D38DC07B7776}.Release|x64.ActiveCfg = Release|Any CPU
		{1EA07A0F-EDC6-4D89-809C-D38DC07B7776}.Release|x64.Build.0 = Release|Any CPU
		{1EA07A0F-EDC6-4D89-809C-D38DC07B7776}.Release|x86.ActiveCfg = Release|Any CPU
		{1EA07A0F-EDC6-4D89-809C-D38DC07B7776}.Release|x86.Build.0 = Release|Any CPU
		{F0723A93-DF13-4889-A578-BA75D58B4C2E}.Debug|Any CPU.ActiveCfg = Debug|Any CPU
		{F0723A93-DF13-4889-A578-BA75D58B4C2E}.Debug|Any CPU.Build.0 = Debug|Any CPU
		{F0723A93-DF13-4889-A578-BA75D58B4C2E}.Debug|x64.ActiveCfg = Debug|Any CPU
		{F0723A93-DF13-4889-A578-BA75D58B4C2E}.Debug|x64.Build.0 = Debug|Any CPU
		{F0723A93-DF13-4889-A578-BA75D58B4C2E}.Debug|x86.ActiveCfg = Debug|Any CPU
		{F0723A93-DF13-4889-A578-BA75D58B4C2E}.Debug|x86.Build.0 = Debug|Any CPU
		{F0723A93-DF13-4889-A578-BA75D58B4C2E}.Release|Any CPU.ActiveCfg = Release|Any CPU
		{F0723A93-DF13-4889-A578-BA75D58B4C2E}.Release|Any CPU.Build.0 = Release|Any CPU
		{F0723A93-DF13-4889-A578-BA75D58B4C2E}.Release|x64.ActiveCfg = Release|Any CPU
		{F0723A93-DF13-4889-A578-BA75D58B4C2E}.Release|x64.Build.0 = Release|Any CPU
		{F0723A93-DF13-4889-A578-BA75D58B4C2E}.Release|x86.ActiveCfg = Release|Any CPU
		{F0723A93-DF13-4889-A578-BA75D58B4C2E}.Release|x86.Build.0 = Release|Any CPU
		{D6A974EC-75FB-4EC3-B029-5C786EB21DA7}.Debug|Any CPU.ActiveCfg = Debug|Any CPU
		{D6A974EC-75FB-4EC3-B029-5C786EB21DA7}.Debug|Any CPU.Build.0 = Debug|Any CPU
		{D6A974EC-75FB-4EC3-B029-5C786EB21DA7}.Debug|x64.ActiveCfg = Debug|Any CPU
		{D6A974EC-75FB-4EC3-B029-5C786EB21DA7}.Debug|x64.Build.0 = Debug|Any CPU
		{D6A974EC-75FB-4EC3-B029-5C786EB21DA7}.Debug|x86.ActiveCfg = Debug|Any CPU
		{D6A974EC-75FB-4EC3-B029-5C786EB21DA7}.Debug|x86.Build.0 = Debug|Any CPU
		{D6A974EC-75FB-4EC3-B029-5C786EB21DA7}.Release|Any CPU.ActiveCfg = Release|Any CPU
		{D6A974EC-75FB-4EC3-B029-5C786EB21DA7}.Release|Any CPU.Build.0 = Release|Any CPU
		{D6A974EC-75FB-4EC3-B029-5C786EB21DA7}.Release|x64.ActiveCfg = Release|Any CPU
		{D6A974EC-75FB-4EC3-B029-5C786EB21DA7}.Release|x64.Build.0 = Release|Any CPU
		{D6A974EC-75FB-4EC3-B029-5C786EB21DA7}.Release|x86.ActiveCfg = Release|Any CPU
		{D6A974EC-75FB-4EC3-B029-5C786EB21DA7}.Release|x86.Build.0 = Release|Any CPU
		{D58A50FF-7572-4B9C-8BF8-FF5F1213441B}.Debug|Any CPU.ActiveCfg = Debug|Any CPU
		{D58A50FF-7572-4B9C-8BF8-FF5F1213441B}.Debug|Any CPU.Build.0 = Debug|Any CPU
		{D58A50FF-7572-4B9C-8BF8-FF5F1213441B}.Debug|x64.ActiveCfg = Debug|Any CPU
		{D58A50FF-7572-4B9C-8BF8-FF5F1213441B}.Debug|x64.Build.0 = Debug|Any CPU
		{D58A50FF-7572-4B9C-8BF8-FF5F1213441B}.Debug|x86.ActiveCfg = Debug|Any CPU
		{D58A50FF-7572-4B9C-8BF8-FF5F1213441B}.Debug|x86.Build.0 = Debug|Any CPU
		{D58A50FF-7572-4B9C-8BF8-FF5F1213441B}.Release|Any CPU.ActiveCfg = Release|Any CPU
		{D58A50FF-7572-4B9C-8BF8-FF5F1213441B}.Release|Any CPU.Build.0 = Release|Any CPU
		{D58A50FF-7572-4B9C-8BF8-FF5F1213441B}.Release|x64.ActiveCfg = Release|Any CPU
		{D58A50FF-7572-4B9C-8BF8-FF5F1213441B}.Release|x64.Build.0 = Release|Any CPU
		{D58A50FF-7572-4B9C-8BF8-FF5F1213441B}.Release|x86.ActiveCfg = Release|Any CPU
		{D58A50FF-7572-4B9C-8BF8-FF5F1213441B}.Release|x86.Build.0 = Release|Any CPU
		{C5225684-9D95-40D1-98C9-8E4200243C18}.Debug|Any CPU.ActiveCfg = Debug|Any CPU
		{C5225684-9D95-40D1-98C9-8E4200243C18}.Debug|Any CPU.Build.0 = Debug|Any CPU
		{C5225684-9D95-40D1-98C9-8E4200243C18}.Debug|x64.ActiveCfg = Debug|Any CPU
		{C5225684-9D95-40D1-98C9-8E4200243C18}.Debug|x64.Build.0 = Debug|Any CPU
		{C5225684-9D95-40D1-98C9-8E4200243C18}.Debug|x86.ActiveCfg = Debug|Any CPU
		{C5225684-9D95-40D1-98C9-8E4200243C18}.Debug|x86.Build.0 = Debug|Any CPU
		{C5225684-9D95-40D1-98C9-8E4200243C18}.Release|Any CPU.ActiveCfg = Release|Any CPU
		{C5225684-9D95-40D1-98C9-8E4200243C18}.Release|Any CPU.Build.0 = Release|Any CPU
		{C5225684-9D95-40D1-98C9-8E4200243C18}.Release|x64.ActiveCfg = Release|Any CPU
		{C5225684-9D95-40D1-98C9-8E4200243C18}.Release|x64.Build.0 = Release|Any CPU
		{C5225684-9D95-40D1-98C9-8E4200243C18}.Release|x86.ActiveCfg = Release|Any CPU
		{C5225684-9D95-40D1-98C9-8E4200243C18}.Release|x86.Build.0 = Release|Any CPU
		{DD6FF552-8497-458E-8F77-6F11A7E9E84B}.Debug|Any CPU.ActiveCfg = Debug|Any CPU
		{DD6FF552-8497-458E-8F77-6F11A7E9E84B}.Debug|Any CPU.Build.0 = Debug|Any CPU
		{DD6FF552-8497-458E-8F77-6F11A7E9E84B}.Debug|x64.ActiveCfg = Debug|Any CPU
		{DD6FF552-8497-458E-8F77-6F11A7E9E84B}.Debug|x64.Build.0 = Debug|Any CPU
		{DD6FF552-8497-458E-8F77-6F11A7E9E84B}.Debug|x86.ActiveCfg = Debug|Any CPU
		{DD6FF552-8497-458E-8F77-6F11A7E9E84B}.Debug|x86.Build.0 = Debug|Any CPU
		{DD6FF552-8497-458E-8F77-6F11A7E9E84B}.Release|Any CPU.ActiveCfg = Release|Any CPU
		{DD6FF552-8497-458E-8F77-6F11A7E9E84B}.Release|Any CPU.Build.0 = Release|Any CPU
		{DD6FF552-8497-458E-8F77-6F11A7E9E84B}.Release|x64.ActiveCfg = Release|Any CPU
		{DD6FF552-8497-458E-8F77-6F11A7E9E84B}.Release|x64.Build.0 = Release|Any CPU
		{DD6FF552-8497-458E-8F77-6F11A7E9E84B}.Release|x86.ActiveCfg = Release|Any CPU
		{DD6FF552-8497-458E-8F77-6F11A7E9E84B}.Release|x86.Build.0 = Release|Any CPU
		{869294E7-8A30-4592-A6E7-3FACC5ECFDFD}.Debug|Any CPU.ActiveCfg = Debug|Any CPU
		{869294E7-8A30-4592-A6E7-3FACC5ECFDFD}.Debug|Any CPU.Build.0 = Debug|Any CPU
		{869294E7-8A30-4592-A6E7-3FACC5ECFDFD}.Debug|x64.ActiveCfg = Debug|Any CPU
		{869294E7-8A30-4592-A6E7-3FACC5ECFDFD}.Debug|x64.Build.0 = Debug|Any CPU
		{869294E7-8A30-4592-A6E7-3FACC5ECFDFD}.Debug|x86.ActiveCfg = Debug|Any CPU
		{869294E7-8A30-4592-A6E7-3FACC5ECFDFD}.Debug|x86.Build.0 = Debug|Any CPU
		{869294E7-8A30-4592-A6E7-3FACC5ECFDFD}.Release|Any CPU.ActiveCfg = Release|Any CPU
		{869294E7-8A30-4592-A6E7-3FACC5ECFDFD}.Release|Any CPU.Build.0 = Release|Any CPU
		{869294E7-8A30-4592-A6E7-3FACC5ECFDFD}.Release|x64.ActiveCfg = Release|Any CPU
		{869294E7-8A30-4592-A6E7-3FACC5ECFDFD}.Release|x64.Build.0 = Release|Any CPU
		{869294E7-8A30-4592-A6E7-3FACC5ECFDFD}.Release|x86.ActiveCfg = Release|Any CPU
		{869294E7-8A30-4592-A6E7-3FACC5ECFDFD}.Release|x86.Build.0 = Release|Any CPU
		{A1DF4330-2C3D-4578-AE2A-2179538DB204}.Debug|Any CPU.ActiveCfg = Debug|Any CPU
		{A1DF4330-2C3D-4578-AE2A-2179538DB204}.Debug|Any CPU.Build.0 = Debug|Any CPU
		{A1DF4330-2C3D-4578-AE2A-2179538DB204}.Debug|x64.ActiveCfg = Debug|Any CPU
		{A1DF4330-2C3D-4578-AE2A-2179538DB204}.Debug|x64.Build.0 = Debug|Any CPU
		{A1DF4330-2C3D-4578-AE2A-2179538DB204}.Debug|x86.ActiveCfg = Debug|Any CPU
		{A1DF4330-2C3D-4578-AE2A-2179538DB204}.Debug|x86.Build.0 = Debug|Any CPU
		{A1DF4330-2C3D-4578-AE2A-2179538DB204}.Release|Any CPU.ActiveCfg = Release|Any CPU
		{A1DF4330-2C3D-4578-AE2A-2179538DB204}.Release|Any CPU.Build.0 = Release|Any CPU
		{A1DF4330-2C3D-4578-AE2A-2179538DB204}.Release|x64.ActiveCfg = Release|Any CPU
		{A1DF4330-2C3D-4578-AE2A-2179538DB204}.Release|x64.Build.0 = Release|Any CPU
		{A1DF4330-2C3D-4578-AE2A-2179538DB204}.Release|x86.ActiveCfg = Release|Any CPU
		{A1DF4330-2C3D-4578-AE2A-2179538DB204}.Release|x86.Build.0 = Release|Any CPU
		{0C2656DA-8449-4F72-8284-5D8FB9811205}.Debug|Any CPU.ActiveCfg = Debug|Any CPU
		{0C2656DA-8449-4F72-8284-5D8FB9811205}.Debug|Any CPU.Build.0 = Debug|Any CPU
		{0C2656DA-8449-4F72-8284-5D8FB9811205}.Debug|x64.ActiveCfg = Debug|Any CPU
		{0C2656DA-8449-4F72-8284-5D8FB9811205}.Debug|x64.Build.0 = Debug|Any CPU
		{0C2656DA-8449-4F72-8284-5D8FB9811205}.Debug|x86.ActiveCfg = Debug|Any CPU
		{0C2656DA-8449-4F72-8284-5D8FB9811205}.Debug|x86.Build.0 = Debug|Any CPU
		{0C2656DA-8449-4F72-8284-5D8FB9811205}.Release|Any CPU.ActiveCfg = Release|Any CPU
		{0C2656DA-8449-4F72-8284-5D8FB9811205}.Release|Any CPU.Build.0 = Release|Any CPU
		{0C2656DA-8449-4F72-8284-5D8FB9811205}.Release|x64.ActiveCfg = Release|Any CPU
		{0C2656DA-8449-4F72-8284-5D8FB9811205}.Release|x64.Build.0 = Release|Any CPU
		{0C2656DA-8449-4F72-8284-5D8FB9811205}.Release|x86.ActiveCfg = Release|Any CPU
		{0C2656DA-8449-4F72-8284-5D8FB9811205}.Release|x86.Build.0 = Release|Any CPU
		{FC92FE5E-26DD-46AF-BE2D-62691CCD0A21}.Debug|Any CPU.ActiveCfg = Debug|Any CPU
		{FC92FE5E-26DD-46AF-BE2D-62691CCD0A21}.Debug|Any CPU.Build.0 = Debug|Any CPU
		{FC92FE5E-26DD-46AF-BE2D-62691CCD0A21}.Debug|x64.ActiveCfg = Debug|Any CPU
		{FC92FE5E-26DD-46AF-BE2D-62691CCD0A21}.Debug|x64.Build.0 = Debug|Any CPU
		{FC92FE5E-26DD-46AF-BE2D-62691CCD0A21}.Debug|x86.ActiveCfg = Debug|Any CPU
		{FC92FE5E-26DD-46AF-BE2D-62691CCD0A21}.Debug|x86.Build.0 = Debug|Any CPU
		{FC92FE5E-26DD-46AF-BE2D-62691CCD0A21}.Release|Any CPU.ActiveCfg = Release|Any CPU
		{FC92FE5E-26DD-46AF-BE2D-62691CCD0A21}.Release|Any CPU.Build.0 = Release|Any CPU
		{FC92FE5E-26DD-46AF-BE2D-62691CCD0A21}.Release|x64.ActiveCfg = Release|Any CPU
		{FC92FE5E-26DD-46AF-BE2D-62691CCD0A21}.Release|x64.Build.0 = Release|Any CPU
		{FC92FE5E-26DD-46AF-BE2D-62691CCD0A21}.Release|x86.ActiveCfg = Release|Any CPU
		{FC92FE5E-26DD-46AF-BE2D-62691CCD0A21}.Release|x86.Build.0 = Release|Any CPU
		{D46A350F-6313-43FE-9698-078E19BF5E1D}.Debug|Any CPU.ActiveCfg = Debug|Any CPU
		{D46A350F-6313-43FE-9698-078E19BF5E1D}.Debug|Any CPU.Build.0 = Debug|Any CPU
		{D46A350F-6313-43FE-9698-078E19BF5E1D}.Debug|x64.ActiveCfg = Debug|Any CPU
		{D46A350F-6313-43FE-9698-078E19BF5E1D}.Debug|x64.Build.0 = Debug|Any CPU
		{D46A350F-6313-43FE-9698-078E19BF5E1D}.Debug|x86.ActiveCfg = Debug|Any CPU
		{D46A350F-6313-43FE-9698-078E19BF5E1D}.Debug|x86.Build.0 = Debug|Any CPU
		{D46A350F-6313-43FE-9698-078E19BF5E1D}.Release|Any CPU.ActiveCfg = Release|Any CPU
		{D46A350F-6313-43FE-9698-078E19BF5E1D}.Release|Any CPU.Build.0 = Release|Any CPU
		{D46A350F-6313-43FE-9698-078E19BF5E1D}.Release|x64.ActiveCfg = Release|Any CPU
		{D46A350F-6313-43FE-9698-078E19BF5E1D}.Release|x64.Build.0 = Release|Any CPU
		{D46A350F-6313-43FE-9698-078E19BF5E1D}.Release|x86.ActiveCfg = Release|Any CPU
		{D46A350F-6313-43FE-9698-078E19BF5E1D}.Release|x86.Build.0 = Release|Any CPU
		{13BA3BF6-F341-4697-BA4B-586873CCA4FF}.Debug|Any CPU.ActiveCfg = Debug|Any CPU
		{13BA3BF6-F341-4697-BA4B-586873CCA4FF}.Debug|Any CPU.Build.0 = Debug|Any CPU
		{13BA3BF6-F341-4697-BA4B-586873CCA4FF}.Debug|x64.ActiveCfg = Debug|Any CPU
		{13BA3BF6-F341-4697-BA4B-586873CCA4FF}.Debug|x64.Build.0 = Debug|Any CPU
		{13BA3BF6-F341-4697-BA4B-586873CCA4FF}.Debug|x86.ActiveCfg = Debug|Any CPU
		{13BA3BF6-F341-4697-BA4B-586873CCA4FF}.Debug|x86.Build.0 = Debug|Any CPU
		{13BA3BF6-F341-4697-BA4B-586873CCA4FF}.Release|Any CPU.ActiveCfg = Release|Any CPU
		{13BA3BF6-F341-4697-BA4B-586873CCA4FF}.Release|Any CPU.Build.0 = Release|Any CPU
		{13BA3BF6-F341-4697-BA4B-586873CCA4FF}.Release|x64.ActiveCfg = Release|Any CPU
		{13BA3BF6-F341-4697-BA4B-586873CCA4FF}.Release|x64.Build.0 = Release|Any CPU
		{13BA3BF6-F341-4697-BA4B-586873CCA4FF}.Release|x86.ActiveCfg = Release|Any CPU
		{13BA3BF6-F341-4697-BA4B-586873CCA4FF}.Release|x86.Build.0 = Release|Any CPU
		{75282F17-D9A2-4E92-BA0D-78A2FA8D14C8}.Debug|Any CPU.ActiveCfg = Debug|Any CPU
		{75282F17-D9A2-4E92-BA0D-78A2FA8D14C8}.Debug|Any CPU.Build.0 = Debug|Any CPU
		{75282F17-D9A2-4E92-BA0D-78A2FA8D14C8}.Debug|x64.ActiveCfg = Debug|Any CPU
		{75282F17-D9A2-4E92-BA0D-78A2FA8D14C8}.Debug|x64.Build.0 = Debug|Any CPU
		{75282F17-D9A2-4E92-BA0D-78A2FA8D14C8}.Debug|x86.ActiveCfg = Debug|Any CPU
		{75282F17-D9A2-4E92-BA0D-78A2FA8D14C8}.Debug|x86.Build.0 = Debug|Any CPU
		{75282F17-D9A2-4E92-BA0D-78A2FA8D14C8}.Release|Any CPU.ActiveCfg = Release|Any CPU
		{75282F17-D9A2-4E92-BA0D-78A2FA8D14C8}.Release|Any CPU.Build.0 = Release|Any CPU
		{75282F17-D9A2-4E92-BA0D-78A2FA8D14C8}.Release|x64.ActiveCfg = Release|Any CPU
		{75282F17-D9A2-4E92-BA0D-78A2FA8D14C8}.Release|x64.Build.0 = Release|Any CPU
		{75282F17-D9A2-4E92-BA0D-78A2FA8D14C8}.Release|x86.ActiveCfg = Release|Any CPU
		{75282F17-D9A2-4E92-BA0D-78A2FA8D14C8}.Release|x86.Build.0 = Release|Any CPU
		{5A616805-183A-4A52-8A1A-D15521F0A42C}.Debug|Any CPU.ActiveCfg = Debug|Any CPU
		{5A616805-183A-4A52-8A1A-D15521F0A42C}.Debug|Any CPU.Build.0 = Debug|Any CPU
		{5A616805-183A-4A52-8A1A-D15521F0A42C}.Debug|x64.ActiveCfg = Debug|Any CPU
		{5A616805-183A-4A52-8A1A-D15521F0A42C}.Debug|x64.Build.0 = Debug|Any CPU
		{5A616805-183A-4A52-8A1A-D15521F0A42C}.Debug|x86.ActiveCfg = Debug|Any CPU
		{5A616805-183A-4A52-8A1A-D15521F0A42C}.Debug|x86.Build.0 = Debug|Any CPU
		{5A616805-183A-4A52-8A1A-D15521F0A42C}.Release|Any CPU.ActiveCfg = Release|Any CPU
		{5A616805-183A-4A52-8A1A-D15521F0A42C}.Release|Any CPU.Build.0 = Release|Any CPU
		{5A616805-183A-4A52-8A1A-D15521F0A42C}.Release|x64.ActiveCfg = Release|Any CPU
		{5A616805-183A-4A52-8A1A-D15521F0A42C}.Release|x64.Build.0 = Release|Any CPU
		{5A616805-183A-4A52-8A1A-D15521F0A42C}.Release|x86.ActiveCfg = Release|Any CPU
		{5A616805-183A-4A52-8A1A-D15521F0A42C}.Release|x86.Build.0 = Release|Any CPU
		{29DFAB01-8307-41BB-A1A1-CDF778EAD059}.Debug|Any CPU.ActiveCfg = Debug|Any CPU
		{29DFAB01-8307-41BB-A1A1-CDF778EAD059}.Debug|Any CPU.Build.0 = Debug|Any CPU
		{29DFAB01-8307-41BB-A1A1-CDF778EAD059}.Debug|x64.ActiveCfg = Debug|Any CPU
		{29DFAB01-8307-41BB-A1A1-CDF778EAD059}.Debug|x64.Build.0 = Debug|Any CPU
		{29DFAB01-8307-41BB-A1A1-CDF778EAD059}.Debug|x86.ActiveCfg = Debug|Any CPU
		{29DFAB01-8307-41BB-A1A1-CDF778EAD059}.Debug|x86.Build.0 = Debug|Any CPU
		{29DFAB01-8307-41BB-A1A1-CDF778EAD059}.Release|Any CPU.ActiveCfg = Release|Any CPU
		{29DFAB01-8307-41BB-A1A1-CDF778EAD059}.Release|Any CPU.Build.0 = Release|Any CPU
		{29DFAB01-8307-41BB-A1A1-CDF778EAD059}.Release|x64.ActiveCfg = Release|Any CPU
		{29DFAB01-8307-41BB-A1A1-CDF778EAD059}.Release|x64.Build.0 = Release|Any CPU
		{29DFAB01-8307-41BB-A1A1-CDF778EAD059}.Release|x86.ActiveCfg = Release|Any CPU
		{29DFAB01-8307-41BB-A1A1-CDF778EAD059}.Release|x86.Build.0 = Release|Any CPU
		{E58961BF-75AD-4ED6-8EB9-168C474356B8}.Debug|Any CPU.ActiveCfg = Debug|Any CPU
		{E58961BF-75AD-4ED6-8EB9-168C474356B8}.Debug|Any CPU.Build.0 = Debug|Any CPU
		{E58961BF-75AD-4ED6-8EB9-168C474356B8}.Debug|x64.ActiveCfg = Debug|Any CPU
		{E58961BF-75AD-4ED6-8EB9-168C474356B8}.Debug|x64.Build.0 = Debug|Any CPU
		{E58961BF-75AD-4ED6-8EB9-168C474356B8}.Debug|x86.ActiveCfg = Debug|Any CPU
		{E58961BF-75AD-4ED6-8EB9-168C474356B8}.Debug|x86.Build.0 = Debug|Any CPU
		{E58961BF-75AD-4ED6-8EB9-168C474356B8}.Release|Any CPU.ActiveCfg = Release|Any CPU
		{E58961BF-75AD-4ED6-8EB9-168C474356B8}.Release|Any CPU.Build.0 = Release|Any CPU
		{E58961BF-75AD-4ED6-8EB9-168C474356B8}.Release|x64.ActiveCfg = Release|Any CPU
		{E58961BF-75AD-4ED6-8EB9-168C474356B8}.Release|x64.Build.0 = Release|Any CPU
		{E58961BF-75AD-4ED6-8EB9-168C474356B8}.Release|x86.ActiveCfg = Release|Any CPU
		{E58961BF-75AD-4ED6-8EB9-168C474356B8}.Release|x86.Build.0 = Release|Any CPU
		{25C264B4-7F27-46D7-A55F-3812B2489C29}.Debug|Any CPU.ActiveCfg = Debug|Any CPU
		{25C264B4-7F27-46D7-A55F-3812B2489C29}.Debug|Any CPU.Build.0 = Debug|Any CPU
		{25C264B4-7F27-46D7-A55F-3812B2489C29}.Debug|x64.ActiveCfg = Debug|Any CPU
		{25C264B4-7F27-46D7-A55F-3812B2489C29}.Debug|x64.Build.0 = Debug|Any CPU
		{25C264B4-7F27-46D7-A55F-3812B2489C29}.Debug|x86.ActiveCfg = Debug|Any CPU
		{25C264B4-7F27-46D7-A55F-3812B2489C29}.Debug|x86.Build.0 = Debug|Any CPU
		{25C264B4-7F27-46D7-A55F-3812B2489C29}.Release|Any CPU.ActiveCfg = Release|Any CPU
		{25C264B4-7F27-46D7-A55F-3812B2489C29}.Release|Any CPU.Build.0 = Release|Any CPU
		{25C264B4-7F27-46D7-A55F-3812B2489C29}.Release|x64.ActiveCfg = Release|Any CPU
		{25C264B4-7F27-46D7-A55F-3812B2489C29}.Release|x64.Build.0 = Release|Any CPU
		{25C264B4-7F27-46D7-A55F-3812B2489C29}.Release|x86.ActiveCfg = Release|Any CPU
		{25C264B4-7F27-46D7-A55F-3812B2489C29}.Release|x86.Build.0 = Release|Any CPU
		{58978687-84B6-43E4-8BA6-B76B375C5E1A}.Debug|Any CPU.ActiveCfg = Debug|Any CPU
		{58978687-84B6-43E4-8BA6-B76B375C5E1A}.Debug|Any CPU.Build.0 = Debug|Any CPU
		{58978687-84B6-43E4-8BA6-B76B375C5E1A}.Debug|x64.ActiveCfg = Debug|Any CPU
		{58978687-84B6-43E4-8BA6-B76B375C5E1A}.Debug|x64.Build.0 = Debug|Any CPU
		{58978687-84B6-43E4-8BA6-B76B375C5E1A}.Debug|x86.ActiveCfg = Debug|Any CPU
		{58978687-84B6-43E4-8BA6-B76B375C5E1A}.Debug|x86.Build.0 = Debug|Any CPU
		{58978687-84B6-43E4-8BA6-B76B375C5E1A}.Release|Any CPU.ActiveCfg = Release|Any CPU
		{58978687-84B6-43E4-8BA6-B76B375C5E1A}.Release|Any CPU.Build.0 = Release|Any CPU
		{58978687-84B6-43E4-8BA6-B76B375C5E1A}.Release|x64.ActiveCfg = Release|Any CPU
		{58978687-84B6-43E4-8BA6-B76B375C5E1A}.Release|x64.Build.0 = Release|Any CPU
		{58978687-84B6-43E4-8BA6-B76B375C5E1A}.Release|x86.ActiveCfg = Release|Any CPU
		{58978687-84B6-43E4-8BA6-B76B375C5E1A}.Release|x86.Build.0 = Release|Any CPU
		{7B44DD3C-D962-4487-8A0D-D402D9207A72}.Debug|Any CPU.ActiveCfg = Debug|Any CPU
		{7B44DD3C-D962-4487-8A0D-D402D9207A72}.Debug|Any CPU.Build.0 = Debug|Any CPU
		{7B44DD3C-D962-4487-8A0D-D402D9207A72}.Debug|x64.ActiveCfg = Debug|Any CPU
		{7B44DD3C-D962-4487-8A0D-D402D9207A72}.Debug|x64.Build.0 = Debug|Any CPU
		{7B44DD3C-D962-4487-8A0D-D402D9207A72}.Debug|x86.ActiveCfg = Debug|Any CPU
		{7B44DD3C-D962-4487-8A0D-D402D9207A72}.Debug|x86.Build.0 = Debug|Any CPU
		{7B44DD3C-D962-4487-8A0D-D402D9207A72}.Release|Any CPU.ActiveCfg = Release|Any CPU
		{7B44DD3C-D962-4487-8A0D-D402D9207A72}.Release|Any CPU.Build.0 = Release|Any CPU
		{7B44DD3C-D962-4487-8A0D-D402D9207A72}.Release|x64.ActiveCfg = Release|Any CPU
		{7B44DD3C-D962-4487-8A0D-D402D9207A72}.Release|x64.Build.0 = Release|Any CPU
		{7B44DD3C-D962-4487-8A0D-D402D9207A72}.Release|x86.ActiveCfg = Release|Any CPU
		{7B44DD3C-D962-4487-8A0D-D402D9207A72}.Release|x86.Build.0 = Release|Any CPU
		{D3948148-4D53-45A8-A190-F75EBE36ACD4}.Debug|Any CPU.ActiveCfg = Debug|Any CPU
		{D3948148-4D53-45A8-A190-F75EBE36ACD4}.Debug|Any CPU.Build.0 = Debug|Any CPU
		{D3948148-4D53-45A8-A190-F75EBE36ACD4}.Debug|x64.ActiveCfg = Debug|Any CPU
		{D3948148-4D53-45A8-A190-F75EBE36ACD4}.Debug|x64.Build.0 = Debug|Any CPU
		{D3948148-4D53-45A8-A190-F75EBE36ACD4}.Debug|x86.ActiveCfg = Debug|Any CPU
		{D3948148-4D53-45A8-A190-F75EBE36ACD4}.Debug|x86.Build.0 = Debug|Any CPU
		{D3948148-4D53-45A8-A190-F75EBE36ACD4}.Release|Any CPU.ActiveCfg = Release|Any CPU
		{D3948148-4D53-45A8-A190-F75EBE36ACD4}.Release|Any CPU.Build.0 = Release|Any CPU
		{D3948148-4D53-45A8-A190-F75EBE36ACD4}.Release|x64.ActiveCfg = Release|Any CPU
		{D3948148-4D53-45A8-A190-F75EBE36ACD4}.Release|x64.Build.0 = Release|Any CPU
		{D3948148-4D53-45A8-A190-F75EBE36ACD4}.Release|x86.ActiveCfg = Release|Any CPU
		{D3948148-4D53-45A8-A190-F75EBE36ACD4}.Release|x86.Build.0 = Release|Any CPU
		{26B1B33B-A9C8-4D30-ADCF-3B075D893E5F}.Debug|Any CPU.ActiveCfg = Debug|Any CPU
		{26B1B33B-A9C8-4D30-ADCF-3B075D893E5F}.Debug|Any CPU.Build.0 = Debug|Any CPU
		{26B1B33B-A9C8-4D30-ADCF-3B075D893E5F}.Debug|x64.ActiveCfg = Debug|Any CPU
		{26B1B33B-A9C8-4D30-ADCF-3B075D893E5F}.Debug|x64.Build.0 = Debug|Any CPU
		{26B1B33B-A9C8-4D30-ADCF-3B075D893E5F}.Debug|x86.ActiveCfg = Debug|Any CPU
		{26B1B33B-A9C8-4D30-ADCF-3B075D893E5F}.Debug|x86.Build.0 = Debug|Any CPU
		{26B1B33B-A9C8-4D30-ADCF-3B075D893E5F}.Release|Any CPU.ActiveCfg = Release|Any CPU
		{26B1B33B-A9C8-4D30-ADCF-3B075D893E5F}.Release|Any CPU.Build.0 = Release|Any CPU
		{26B1B33B-A9C8-4D30-ADCF-3B075D893E5F}.Release|x64.ActiveCfg = Release|Any CPU
		{26B1B33B-A9C8-4D30-ADCF-3B075D893E5F}.Release|x64.Build.0 = Release|Any CPU
		{26B1B33B-A9C8-4D30-ADCF-3B075D893E5F}.Release|x86.ActiveCfg = Release|Any CPU
		{26B1B33B-A9C8-4D30-ADCF-3B075D893E5F}.Release|x86.Build.0 = Release|Any CPU
		{B7418E4C-CD3D-4191-994A-8279AA27E130}.Debug|Any CPU.ActiveCfg = Debug|Any CPU
		{B7418E4C-CD3D-4191-994A-8279AA27E130}.Debug|Any CPU.Build.0 = Debug|Any CPU
		{B7418E4C-CD3D-4191-994A-8279AA27E130}.Debug|x64.ActiveCfg = Debug|Any CPU
		{B7418E4C-CD3D-4191-994A-8279AA27E130}.Debug|x64.Build.0 = Debug|Any CPU
		{B7418E4C-CD3D-4191-994A-8279AA27E130}.Debug|x86.ActiveCfg = Debug|Any CPU
		{B7418E4C-CD3D-4191-994A-8279AA27E130}.Debug|x86.Build.0 = Debug|Any CPU
		{B7418E4C-CD3D-4191-994A-8279AA27E130}.Release|Any CPU.ActiveCfg = Release|Any CPU
		{B7418E4C-CD3D-4191-994A-8279AA27E130}.Release|Any CPU.Build.0 = Release|Any CPU
		{B7418E4C-CD3D-4191-994A-8279AA27E130}.Release|x64.ActiveCfg = Release|Any CPU
		{B7418E4C-CD3D-4191-994A-8279AA27E130}.Release|x64.Build.0 = Release|Any CPU
		{B7418E4C-CD3D-4191-994A-8279AA27E130}.Release|x86.ActiveCfg = Release|Any CPU
		{B7418E4C-CD3D-4191-994A-8279AA27E130}.Release|x86.Build.0 = Release|Any CPU
		{468E42A6-BA92-4B93-841F-A044DD829E1E}.Debug|Any CPU.ActiveCfg = Debug|Any CPU
		{468E42A6-BA92-4B93-841F-A044DD829E1E}.Debug|Any CPU.Build.0 = Debug|Any CPU
		{468E42A6-BA92-4B93-841F-A044DD829E1E}.Debug|x64.ActiveCfg = Debug|Any CPU
		{468E42A6-BA92-4B93-841F-A044DD829E1E}.Debug|x64.Build.0 = Debug|Any CPU
		{468E42A6-BA92-4B93-841F-A044DD829E1E}.Debug|x86.ActiveCfg = Debug|Any CPU
		{468E42A6-BA92-4B93-841F-A044DD829E1E}.Debug|x86.Build.0 = Debug|Any CPU
		{468E42A6-BA92-4B93-841F-A044DD829E1E}.Release|Any CPU.ActiveCfg = Release|Any CPU
		{468E42A6-BA92-4B93-841F-A044DD829E1E}.Release|Any CPU.Build.0 = Release|Any CPU
		{468E42A6-BA92-4B93-841F-A044DD829E1E}.Release|x64.ActiveCfg = Release|Any CPU
		{468E42A6-BA92-4B93-841F-A044DD829E1E}.Release|x64.Build.0 = Release|Any CPU
		{468E42A6-BA92-4B93-841F-A044DD829E1E}.Release|x86.ActiveCfg = Release|Any CPU
		{468E42A6-BA92-4B93-841F-A044DD829E1E}.Release|x86.Build.0 = Release|Any CPU
		{245C4664-39D2-4915-BB99-5638B1332B71}.Debug|Any CPU.ActiveCfg = Debug|Any CPU
		{245C4664-39D2-4915-BB99-5638B1332B71}.Debug|Any CPU.Build.0 = Debug|Any CPU
		{245C4664-39D2-4915-BB99-5638B1332B71}.Debug|x64.ActiveCfg = Debug|Any CPU
		{245C4664-39D2-4915-BB99-5638B1332B71}.Debug|x64.Build.0 = Debug|Any CPU
		{245C4664-39D2-4915-BB99-5638B1332B71}.Debug|x86.ActiveCfg = Debug|Any CPU
		{245C4664-39D2-4915-BB99-5638B1332B71}.Debug|x86.Build.0 = Debug|Any CPU
		{245C4664-39D2-4915-BB99-5638B1332B71}.Release|Any CPU.ActiveCfg = Release|Any CPU
		{245C4664-39D2-4915-BB99-5638B1332B71}.Release|Any CPU.Build.0 = Release|Any CPU
		{245C4664-39D2-4915-BB99-5638B1332B71}.Release|x64.ActiveCfg = Release|Any CPU
		{245C4664-39D2-4915-BB99-5638B1332B71}.Release|x64.Build.0 = Release|Any CPU
		{245C4664-39D2-4915-BB99-5638B1332B71}.Release|x86.ActiveCfg = Release|Any CPU
		{245C4664-39D2-4915-BB99-5638B1332B71}.Release|x86.Build.0 = Release|Any CPU
		{8860C1D8-BEA3-4A16-AF1B-40EFF29A080D}.Debug|Any CPU.ActiveCfg = Debug|Any CPU
		{8860C1D8-BEA3-4A16-AF1B-40EFF29A080D}.Debug|Any CPU.Build.0 = Debug|Any CPU
		{8860C1D8-BEA3-4A16-AF1B-40EFF29A080D}.Debug|x64.ActiveCfg = Debug|Any CPU
		{8860C1D8-BEA3-4A16-AF1B-40EFF29A080D}.Debug|x64.Build.0 = Debug|Any CPU
		{8860C1D8-BEA3-4A16-AF1B-40EFF29A080D}.Debug|x86.ActiveCfg = Debug|Any CPU
		{8860C1D8-BEA3-4A16-AF1B-40EFF29A080D}.Debug|x86.Build.0 = Debug|Any CPU
		{8860C1D8-BEA3-4A16-AF1B-40EFF29A080D}.Release|Any CPU.ActiveCfg = Release|Any CPU
		{8860C1D8-BEA3-4A16-AF1B-40EFF29A080D}.Release|Any CPU.Build.0 = Release|Any CPU
		{8860C1D8-BEA3-4A16-AF1B-40EFF29A080D}.Release|x64.ActiveCfg = Release|Any CPU
		{8860C1D8-BEA3-4A16-AF1B-40EFF29A080D}.Release|x64.Build.0 = Release|Any CPU
		{8860C1D8-BEA3-4A16-AF1B-40EFF29A080D}.Release|x86.ActiveCfg = Release|Any CPU
		{8860C1D8-BEA3-4A16-AF1B-40EFF29A080D}.Release|x86.Build.0 = Release|Any CPU
		{5280E72A-8F36-46E6-A162-0487B2A10F18}.Debug|Any CPU.ActiveCfg = Debug|Any CPU
		{5280E72A-8F36-46E6-A162-0487B2A10F18}.Debug|Any CPU.Build.0 = Debug|Any CPU
		{5280E72A-8F36-46E6-A162-0487B2A10F18}.Debug|x64.ActiveCfg = Debug|Any CPU
		{5280E72A-8F36-46E6-A162-0487B2A10F18}.Debug|x64.Build.0 = Debug|Any CPU
		{5280E72A-8F36-46E6-A162-0487B2A10F18}.Debug|x86.ActiveCfg = Debug|Any CPU
		{5280E72A-8F36-46E6-A162-0487B2A10F18}.Debug|x86.Build.0 = Debug|Any CPU
		{5280E72A-8F36-46E6-A162-0487B2A10F18}.Release|Any CPU.ActiveCfg = Release|Any CPU
		{5280E72A-8F36-46E6-A162-0487B2A10F18}.Release|Any CPU.Build.0 = Release|Any CPU
		{5280E72A-8F36-46E6-A162-0487B2A10F18}.Release|x64.ActiveCfg = Release|Any CPU
		{5280E72A-8F36-46E6-A162-0487B2A10F18}.Release|x64.Build.0 = Release|Any CPU
		{5280E72A-8F36-46E6-A162-0487B2A10F18}.Release|x86.ActiveCfg = Release|Any CPU
		{5280E72A-8F36-46E6-A162-0487B2A10F18}.Release|x86.Build.0 = Release|Any CPU
		{E3C0480A-762C-49E4-83F0-314C78AE54AE}.Debug|Any CPU.ActiveCfg = Debug|Any CPU
		{E3C0480A-762C-49E4-83F0-314C78AE54AE}.Debug|Any CPU.Build.0 = Debug|Any CPU
		{E3C0480A-762C-49E4-83F0-314C78AE54AE}.Debug|x64.ActiveCfg = Debug|Any CPU
		{E3C0480A-762C-49E4-83F0-314C78AE54AE}.Debug|x64.Build.0 = Debug|Any CPU
		{E3C0480A-762C-49E4-83F0-314C78AE54AE}.Debug|x86.ActiveCfg = Debug|Any CPU
		{E3C0480A-762C-49E4-83F0-314C78AE54AE}.Debug|x86.Build.0 = Debug|Any CPU
		{E3C0480A-762C-49E4-83F0-314C78AE54AE}.Release|Any CPU.ActiveCfg = Release|Any CPU
		{E3C0480A-762C-49E4-83F0-314C78AE54AE}.Release|Any CPU.Build.0 = Release|Any CPU
		{E3C0480A-762C-49E4-83F0-314C78AE54AE}.Release|x64.ActiveCfg = Release|Any CPU
		{E3C0480A-762C-49E4-83F0-314C78AE54AE}.Release|x64.Build.0 = Release|Any CPU
		{E3C0480A-762C-49E4-83F0-314C78AE54AE}.Release|x86.ActiveCfg = Release|Any CPU
		{E3C0480A-762C-49E4-83F0-314C78AE54AE}.Release|x86.Build.0 = Release|Any CPU
		{7ECD3AE0-43E3-4A6D-96BA-982D32FB5A62}.Debug|Any CPU.ActiveCfg = Debug|Any CPU
		{7ECD3AE0-43E3-4A6D-96BA-982D32FB5A62}.Debug|Any CPU.Build.0 = Debug|Any CPU
		{7ECD3AE0-43E3-4A6D-96BA-982D32FB5A62}.Debug|x64.ActiveCfg = Debug|Any CPU
		{7ECD3AE0-43E3-4A6D-96BA-982D32FB5A62}.Debug|x64.Build.0 = Debug|Any CPU
		{7ECD3AE0-43E3-4A6D-96BA-982D32FB5A62}.Debug|x86.ActiveCfg = Debug|Any CPU
		{7ECD3AE0-43E3-4A6D-96BA-982D32FB5A62}.Debug|x86.Build.0 = Debug|Any CPU
		{7ECD3AE0-43E3-4A6D-96BA-982D32FB5A62}.Release|Any CPU.ActiveCfg = Release|Any CPU
		{7ECD3AE0-43E3-4A6D-96BA-982D32FB5A62}.Release|Any CPU.Build.0 = Release|Any CPU
		{7ECD3AE0-43E3-4A6D-96BA-982D32FB5A62}.Release|x64.ActiveCfg = Release|Any CPU
		{7ECD3AE0-43E3-4A6D-96BA-982D32FB5A62}.Release|x64.Build.0 = Release|Any CPU
		{7ECD3AE0-43E3-4A6D-96BA-982D32FB5A62}.Release|x86.ActiveCfg = Release|Any CPU
		{7ECD3AE0-43E3-4A6D-96BA-982D32FB5A62}.Release|x86.Build.0 = Release|Any CPU
		{731F5510-D418-4816-A15D-68E2D44940C0}.Debug|Any CPU.ActiveCfg = Debug|Any CPU
		{731F5510-D418-4816-A15D-68E2D44940C0}.Debug|Any CPU.Build.0 = Debug|Any CPU
		{731F5510-D418-4816-A15D-68E2D44940C0}.Debug|x64.ActiveCfg = Debug|Any CPU
		{731F5510-D418-4816-A15D-68E2D44940C0}.Debug|x64.Build.0 = Debug|Any CPU
		{731F5510-D418-4816-A15D-68E2D44940C0}.Debug|x86.ActiveCfg = Debug|Any CPU
		{731F5510-D418-4816-A15D-68E2D44940C0}.Debug|x86.Build.0 = Debug|Any CPU
		{731F5510-D418-4816-A15D-68E2D44940C0}.Release|Any CPU.ActiveCfg = Release|Any CPU
		{731F5510-D418-4816-A15D-68E2D44940C0}.Release|Any CPU.Build.0 = Release|Any CPU
		{731F5510-D418-4816-A15D-68E2D44940C0}.Release|x64.ActiveCfg = Release|Any CPU
		{731F5510-D418-4816-A15D-68E2D44940C0}.Release|x64.Build.0 = Release|Any CPU
		{731F5510-D418-4816-A15D-68E2D44940C0}.Release|x86.ActiveCfg = Release|Any CPU
		{731F5510-D418-4816-A15D-68E2D44940C0}.Release|x86.Build.0 = Release|Any CPU
		{8BDD3DD9-020C-4AE4-8220-F35670417A3E}.Debug|Any CPU.ActiveCfg = Debug|Any CPU
		{8BDD3DD9-020C-4AE4-8220-F35670417A3E}.Debug|Any CPU.Build.0 = Debug|Any CPU
		{8BDD3DD9-020C-4AE4-8220-F35670417A3E}.Debug|x64.ActiveCfg = Debug|Any CPU
		{8BDD3DD9-020C-4AE4-8220-F35670417A3E}.Debug|x64.Build.0 = Debug|Any CPU
		{8BDD3DD9-020C-4AE4-8220-F35670417A3E}.Debug|x86.ActiveCfg = Debug|Any CPU
		{8BDD3DD9-020C-4AE4-8220-F35670417A3E}.Debug|x86.Build.0 = Debug|Any CPU
		{8BDD3DD9-020C-4AE4-8220-F35670417A3E}.Release|Any CPU.ActiveCfg = Release|Any CPU
		{8BDD3DD9-020C-4AE4-8220-F35670417A3E}.Release|Any CPU.Build.0 = Release|Any CPU
		{8BDD3DD9-020C-4AE4-8220-F35670417A3E}.Release|x64.ActiveCfg = Release|Any CPU
		{8BDD3DD9-020C-4AE4-8220-F35670417A3E}.Release|x64.Build.0 = Release|Any CPU
		{8BDD3DD9-020C-4AE4-8220-F35670417A3E}.Release|x86.ActiveCfg = Release|Any CPU
		{8BDD3DD9-020C-4AE4-8220-F35670417A3E}.Release|x86.Build.0 = Release|Any CPU
	EndGlobalSection
	GlobalSection(SolutionProperties) = preSolution
		HideSolutionNode = FALSE
	EndGlobalSection
	GlobalSection(NestedProjects) = preSolution
		{90298CBA-BD6F-3A0A-69D5-97CAD7B05E7E} = {827E0CD3-B72D-47B6-A68D-7590B98EB39B}
		{96C29DB3-0FF1-46ED-B077-B4936AC41808} = {90298CBA-BD6F-3A0A-69D5-97CAD7B05E7E}
		{1EA07A0F-EDC6-4D89-809C-D38DC07B7776} = {90298CBA-BD6F-3A0A-69D5-97CAD7B05E7E}
		{F0723A93-DF13-4889-A578-BA75D58B4C2E} = {90298CBA-BD6F-3A0A-69D5-97CAD7B05E7E}
		{D6A974EC-75FB-4EC3-B029-5C786EB21DA7} = {90298CBA-BD6F-3A0A-69D5-97CAD7B05E7E}
		{D58A50FF-7572-4B9C-8BF8-FF5F1213441B} = {90298CBA-BD6F-3A0A-69D5-97CAD7B05E7E}
		{984BB9B3-3FA3-BE33-9484-CAC21695A33C} = {827E0CD3-B72D-47B6-A68D-7590B98EB39B}
		{E8A7FD2B-0D9D-22AC-3A50-18293A3563CB} = {984BB9B3-3FA3-BE33-9484-CAC21695A33C}
		{C5225684-9D95-40D1-98C9-8E4200243C18} = {E8A7FD2B-0D9D-22AC-3A50-18293A3563CB}
		{DD6FF552-8497-458E-8F77-6F11A7E9E84B} = {E8A7FD2B-0D9D-22AC-3A50-18293A3563CB}
		{869294E7-8A30-4592-A6E7-3FACC5ECFDFD} = {E8A7FD2B-0D9D-22AC-3A50-18293A3563CB}
		{A1DF4330-2C3D-4578-AE2A-2179538DB204} = {E8A7FD2B-0D9D-22AC-3A50-18293A3563CB}
		{0C2656DA-8449-4F72-8284-5D8FB9811205} = {E8A7FD2B-0D9D-22AC-3A50-18293A3563CB}
		{3D2E8631-8982-4CD8-85A8-437089729894} = {984BB9B3-3FA3-BE33-9484-CAC21695A33C}
		{FC92FE5E-26DD-46AF-BE2D-62691CCD0A21} = {3D2E8631-8982-4CD8-85A8-437089729894}
		{D46A350F-6313-43FE-9698-078E19BF5E1D} = {3D2E8631-8982-4CD8-85A8-437089729894}
		{13BA3BF6-F341-4697-BA4B-586873CCA4FF} = {3D2E8631-8982-4CD8-85A8-437089729894}
		{75282F17-D9A2-4E92-BA0D-78A2FA8D14C8} = {3D2E8631-8982-4CD8-85A8-437089729894}
		{5A616805-183A-4A52-8A1A-D15521F0A42C} = {3D2E8631-8982-4CD8-85A8-437089729894}
		{1E89987C-C454-31B9-514D-6C358C86171E} = {984BB9B3-3FA3-BE33-9484-CAC21695A33C}
		{29DFAB01-8307-41BB-A1A1-CDF778EAD059} = {1E89987C-C454-31B9-514D-6C358C86171E}
		{E58961BF-75AD-4ED6-8EB9-168C474356B8} = {1E89987C-C454-31B9-514D-6C358C86171E}
		{25C264B4-7F27-46D7-A55F-3812B2489C29} = {1E89987C-C454-31B9-514D-6C358C86171E}
		{58978687-84B6-43E4-8BA6-B76B375C5E1A} = {1E89987C-C454-31B9-514D-6C358C86171E}
		{7B44DD3C-D962-4487-8A0D-D402D9207A72} = {1E89987C-C454-31B9-514D-6C358C86171E}
		{40CB294E-2A2C-AA7D-5466-10F40F0DAD4F} = {984BB9B3-3FA3-BE33-9484-CAC21695A33C}
		{D3948148-4D53-45A8-A190-F75EBE36ACD4} = {40CB294E-2A2C-AA7D-5466-10F40F0DAD4F}
		{26B1B33B-A9C8-4D30-ADCF-3B075D893E5F} = {40CB294E-2A2C-AA7D-5466-10F40F0DAD4F}
		{B7418E4C-CD3D-4191-994A-8279AA27E130} = {40CB294E-2A2C-AA7D-5466-10F40F0DAD4F}
		{468E42A6-BA92-4B93-841F-A044DD829E1E} = {40CB294E-2A2C-AA7D-5466-10F40F0DAD4F}
		{245C4664-39D2-4915-BB99-5638B1332B71} = {40CB294E-2A2C-AA7D-5466-10F40F0DAD4F}
		{47931FAB-DBE1-FD8F-0AFF-2CD4B99C52C4} = {984BB9B3-3FA3-BE33-9484-CAC21695A33C}
		{8860C1D8-BEA3-4A16-AF1B-40EFF29A080D} = {47931FAB-DBE1-FD8F-0AFF-2CD4B99C52C4}
		{5280E72A-8F36-46E6-A162-0487B2A10F18} = {47931FAB-DBE1-FD8F-0AFF-2CD4B99C52C4}
		{E3C0480A-762C-49E4-83F0-314C78AE54AE} = {47931FAB-DBE1-FD8F-0AFF-2CD4B99C52C4}
		{7ECD3AE0-43E3-4A6D-96BA-982D32FB5A62} = {47931FAB-DBE1-FD8F-0AFF-2CD4B99C52C4}
		{731F5510-D418-4816-A15D-68E2D44940C0} = {47931FAB-DBE1-FD8F-0AFF-2CD4B99C52C4}
		{FCA01246-F2C6-0AA7-D43F-FD13BE0B9D88} = {827E0CD3-B72D-47B6-A68D-7590B98EB39B}
		{8BDD3DD9-020C-4AE4-8220-F35670417A3E} = {FCA01246-F2C6-0AA7-D43F-FD13BE0B9D88}
	EndGlobalSection
EndGlobal
